// !$*UTF8*$!
{
	archiveVersion = 1;
	classes = {
	};
	objectVersion = 56;
	objects = {

/* Begin PBXBuildFile section */
		96194D322C5006490083230D /* SwiftUIAdApp.swift in Sources */ = {isa = PBXBuildFile; fileRef = 96194D312C5006490083230D /* SwiftUIAdApp.swift */; };
		96194D342C5006490083230D /* ContentView.swift in Sources */ = {isa = PBXBuildFile; fileRef = 96194D332C5006490083230D /* ContentView.swift */; };
		96194D362C50064B0083230D /* Assets.xcassets in Resources */ = {isa = PBXBuildFile; fileRef = 96194D352C50064B0083230D /* Assets.xcassets */; };
		96194D392C50064B0083230D /* Preview Assets.xcassets in Resources */ = {isa = PBXBuildFile; fileRef = 96194D382C50064B0083230D /* Preview Assets.xcassets */; };
		96194D422C5007B20083230D /* MagnificationGestureBoot.swift in Sources */ = {isa = PBXBuildFile; fileRef = 96194D412C5007B20083230D /* MagnificationGestureBoot.swift */; };
		96194D442C503DFB0083230D /* GeometryReaderSwiftUIView.swift in Sources */ = {isa = PBXBuildFile; fileRef = 96194D432C503DFB0083230D /* GeometryReaderSwiftUIView.swift */; };
		96194D462C5041260083230D /* MultipleSheetsSwiftUIView.swift in Sources */ = {isa = PBXBuildFile; fileRef = 96194D452C5041260083230D /* MultipleSheetsSwiftUIView.swift */; };
		96194D482C5046AD0083230D /* MaskSwiftUIView.swift in Sources */ = {isa = PBXBuildFile; fileRef = 96194D472C5046AD0083230D /* MaskSwiftUIView.swift */; };
		96194D4A2C504C800083230D /* SoundEffectsSwiftUIView.swift in Sources */ = {isa = PBXBuildFile; fileRef = 96194D492C504C800083230D /* SoundEffectsSwiftUIView.swift */; };
		96194D4C2C5058650083230D /* HapticsSwiftUIView.swift in Sources */ = {isa = PBXBuildFile; fileRef = 96194D4B2C5058650083230D /* HapticsSwiftUIView.swift */; };
		96194D4E2C5141720083230D /* LocalPushNotificationsSwiftUIView.swift in Sources */ = {isa = PBXBuildFile; fileRef = 96194D4D2C5141720083230D /* LocalPushNotificationsSwiftUIView.swift */; };
		96194D502C514F170083230D /* HashableProtocolSwiftUIView.swift in Sources */ = {isa = PBXBuildFile; fileRef = 96194D4F2C514F170083230D /* HashableProtocolSwiftUIView.swift */; };
		96194D522C5156F20083230D /* ArraysSwiftUIView.swift in Sources */ = {isa = PBXBuildFile; fileRef = 96194D512C5156F20083230D /* ArraysSwiftUIView.swift */; };
		96194D562C51869B0083230D /* CoreDataSwiftUIView.swift in Sources */ = {isa = PBXBuildFile; fileRef = 96194D552C51869B0083230D /* CoreDataSwiftUIView.swift */; };
		96194D592C51877B0083230D /* FruitsContainer.xcdatamodeld in Sources */ = {isa = PBXBuildFile; fileRef = 96194D572C51877B0083230D /* FruitsContainer.xcdatamodeld */; };
		96194D5B2C52785E0083230D /* CoreDataRelationshipsSwiftUIView.swift in Sources */ = {isa = PBXBuildFile; fileRef = 96194D5A2C52785E0083230D /* CoreDataRelationshipsSwiftUIView.swift */; };
		96194D5E2C527E3A0083230D /* CoreDataContainer.xcdatamodeld in Sources */ = {isa = PBXBuildFile; fileRef = 96194D5C2C527E3A0083230D /* CoreDataContainer.xcdatamodeld */; };
		96194D602C529FE50083230D /* Multi-threadingSwiftUIView.swift in Sources */ = {isa = PBXBuildFile; fileRef = 96194D5F2C529FE50083230D /* Multi-threadingSwiftUIView.swift */; };
		96194D622C52A9640083230D /* WeakSelfSwiftUIView.swift in Sources */ = {isa = PBXBuildFile; fileRef = 96194D612C52A9640083230D /* WeakSelfSwiftUIView.swift */; };
		96194D642C52B0270083230D /* TypealiasSwiftUIView.swift in Sources */ = {isa = PBXBuildFile; fileRef = 96194D632C52B0270083230D /* TypealiasSwiftUIView.swift */; };
		96194D662C52B2290083230D /* EscapingClosuresSwiftUIView.swift in Sources */ = {isa = PBXBuildFile; fileRef = 96194D652C52B2290083230D /* EscapingClosuresSwiftUIView.swift */; };
		96194D682C52D63A0083230D /* CodableSwiftUIView.swift in Sources */ = {isa = PBXBuildFile; fileRef = 96194D672C52D63A0083230D /* CodableSwiftUIView.swift */; };
		96194D6A2C52E39B0083230D /* DownloadWithEacapingSwiftUIView.swift in Sources */ = {isa = PBXBuildFile; fileRef = 96194D692C52E39B0083230D /* DownloadWithEacapingSwiftUIView.swift */; };
		96194D6C2C52F2DB0083230D /* CombineSwiftUIView.swift in Sources */ = {isa = PBXBuildFile; fileRef = 96194D6B2C52F2DB0083230D /* CombineSwiftUIView.swift */; };
		96194D6E2C53D0960083230D /* TimeronReceiveSwiftUIView.swift in Sources */ = {isa = PBXBuildFile; fileRef = 96194D6D2C53D0960083230D /* TimeronReceiveSwiftUIView.swift */; };
		9649BEF82C6A470600999635 /* AccessibilityVoiceOverSwiftUIView.swift in Sources */ = {isa = PBXBuildFile; fileRef = 9649BEF72C6A470600999635 /* AccessibilityVoiceOverSwiftUIView.swift */; };
		966525CC2C57CB5D008EF85C /* SubscribersSwiftUIView.swift in Sources */ = {isa = PBXBuildFile; fileRef = 966525CB2C57CB5C008EF85C /* SubscribersSwiftUIView.swift */; };
		966525CE2C5842D2008EF85C /* FileManagerSwiftUIView.swift in Sources */ = {isa = PBXBuildFile; fileRef = 966525CD2C5842D2008EF85C /* FileManagerSwiftUIView.swift */; };
		966525D02C593FA4008EF85C /* CacheImagesSwiftUIView.swift in Sources */ = {isa = PBXBuildFile; fileRef = 966525CF2C593FA4008EF85C /* CacheImagesSwiftUIView.swift */; };
		966525D72C5962BC008EF85C /* DowningImagesSwiftUIView.swift in Sources */ = {isa = PBXBuildFile; fileRef = 966525D62C5962BC008EF85C /* DowningImagesSwiftUIView.swift */; };
		966525D92C596364008EF85C /* PhotoModel.swift in Sources */ = {isa = PBXBuildFile; fileRef = 966525D82C596364008EF85C /* PhotoModel.swift */; };
		966525DB2C5963E0008EF85C /* DownloadingImagesViewModel.swift in Sources */ = {isa = PBXBuildFile; fileRef = 966525DA2C5963E0008EF85C /* DownloadingImagesViewModel.swift */; };
		966525DD2C5965F2008EF85C /* PhotoModelDataService.swift in Sources */ = {isa = PBXBuildFile; fileRef = 966525DC2C5965F2008EF85C /* PhotoModelDataService.swift */; };
		96D9CC622C59758B0074F5C1 /* DownloadingImagesRow.swift in Sources */ = {isa = PBXBuildFile; fileRef = 96D9CC612C59758B0074F5C1 /* DownloadingImagesRow.swift */; };
		96D9CC642C59761E0074F5C1 /* DownloadingImageView.swift in Sources */ = {isa = PBXBuildFile; fileRef = 96D9CC632C59761E0074F5C1 /* DownloadingImageView.swift */; };
		96D9CC662C5976AF0074F5C1 /* ImageLoadingViewModel.swift in Sources */ = {isa = PBXBuildFile; fileRef = 96D9CC652C5976AF0074F5C1 /* ImageLoadingViewModel.swift */; };
		96D9CC682C5977090074F5C1 /* PhotoModelCacheManager.swift in Sources */ = {isa = PBXBuildFile; fileRef = 96D9CC672C5977090074F5C1 /* PhotoModelCacheManager.swift */; };
		96D9CC6A2C59771E0074F5C1 /* PhotoModelFileManager.swift in Sources */ = {isa = PBXBuildFile; fileRef = 96D9CC692C59771E0074F5C1 /* PhotoModelFileManager.swift */; };
		96D9CC6C2C5A6EF40074F5C1 /* DynamicText.swift in Sources */ = {isa = PBXBuildFile; fileRef = 96D9CC6B2C5A6EF40074F5C1 /* DynamicText.swift */; };
		96D9CC6E2C5A8CD10074F5C1 /* DynamicColorsSwiftUIView.swift in Sources */ = {isa = PBXBuildFile; fileRef = 96D9CC6D2C5A8CD10074F5C1 /* DynamicColorsSwiftUIView.swift */; };
		96D9CC702C5A9ACF0074F5C1 /* VoiceOverSwiftUIView.swift in Sources */ = {isa = PBXBuildFile; fileRef = 96D9CC6F2C5A9ACF0074F5C1 /* VoiceOverSwiftUIView.swift */; };
		96D9CC722C5AADE10074F5C1 /* PagingScrollViewSwiftUIView.swift in Sources */ = {isa = PBXBuildFile; fileRef = 96D9CC712C5AADE10074F5C1 /* PagingScrollViewSwiftUIView.swift */; };
/* End PBXBuildFile section */

/* Begin PBXFileReference section */
		96194D2E2C5006490083230D /* SwiftUIAd.app */ = {isa = PBXFileReference; explicitFileType = wrapper.application; includeInIndex = 0; path = SwiftUIAd.app; sourceTree = BUILT_PRODUCTS_DIR; };
		96194D312C5006490083230D /* SwiftUIAdApp.swift */ = {isa = PBXFileReference; lastKnownFileType = sourcecode.swift; path = SwiftUIAdApp.swift; sourceTree = "<group>"; };
		96194D332C5006490083230D /* ContentView.swift */ = {isa = PBXFileReference; lastKnownFileType = sourcecode.swift; path = ContentView.swift; sourceTree = "<group>"; };
		96194D352C50064B0083230D /* Assets.xcassets */ = {isa = PBXFileReference; lastKnownFileType = folder.assetcatalog; path = Assets.xcassets; sourceTree = "<group>"; };
		96194D382C50064B0083230D /* Preview Assets.xcassets */ = {isa = PBXFileReference; lastKnownFileType = folder.assetcatalog; path = "Preview Assets.xcassets"; sourceTree = "<group>"; };
		96194D412C5007B20083230D /* MagnificationGestureBoot.swift */ = {isa = PBXFileReference; lastKnownFileType = sourcecode.swift; path = MagnificationGestureBoot.swift; sourceTree = "<group>"; };
		96194D432C503DFB0083230D /* GeometryReaderSwiftUIView.swift */ = {isa = PBXFileReference; lastKnownFileType = sourcecode.swift; path = GeometryReaderSwiftUIView.swift; sourceTree = "<group>"; };
		96194D452C5041260083230D /* MultipleSheetsSwiftUIView.swift */ = {isa = PBXFileReference; lastKnownFileType = sourcecode.swift; path = MultipleSheetsSwiftUIView.swift; sourceTree = "<group>"; };
		96194D472C5046AD0083230D /* MaskSwiftUIView.swift */ = {isa = PBXFileReference; lastKnownFileType = sourcecode.swift; path = MaskSwiftUIView.swift; sourceTree = "<group>"; };
		96194D492C504C800083230D /* SoundEffectsSwiftUIView.swift */ = {isa = PBXFileReference; lastKnownFileType = sourcecode.swift; path = SoundEffectsSwiftUIView.swift; sourceTree = "<group>"; };
		96194D4B2C5058650083230D /* HapticsSwiftUIView.swift */ = {isa = PBXFileReference; lastKnownFileType = sourcecode.swift; path = HapticsSwiftUIView.swift; sourceTree = "<group>"; };
		96194D4D2C5141720083230D /* LocalPushNotificationsSwiftUIView.swift */ = {isa = PBXFileReference; lastKnownFileType = sourcecode.swift; path = LocalPushNotificationsSwiftUIView.swift; sourceTree = "<group>"; };
		96194D4F2C514F170083230D /* HashableProtocolSwiftUIView.swift */ = {isa = PBXFileReference; lastKnownFileType = sourcecode.swift; path = HashableProtocolSwiftUIView.swift; sourceTree = "<group>"; };
		96194D512C5156F20083230D /* ArraysSwiftUIView.swift */ = {isa = PBXFileReference; lastKnownFileType = sourcecode.swift; path = ArraysSwiftUIView.swift; sourceTree = "<group>"; };
		96194D552C51869B0083230D /* CoreDataSwiftUIView.swift */ = {isa = PBXFileReference; lastKnownFileType = sourcecode.swift; path = CoreDataSwiftUIView.swift; sourceTree = "<group>"; };
		96194D582C51877B0083230D /* FruitsContainer.xcdatamodel */ = {isa = PBXFileReference; lastKnownFileType = wrapper.xcdatamodel; path = FruitsContainer.xcdatamodel; sourceTree = "<group>"; };
		96194D5A2C52785E0083230D /* CoreDataRelationshipsSwiftUIView.swift */ = {isa = PBXFileReference; lastKnownFileType = sourcecode.swift; path = CoreDataRelationshipsSwiftUIView.swift; sourceTree = "<group>"; };
		96194D5D2C527E3A0083230D /* CoreDataContainer.xcdatamodel */ = {isa = PBXFileReference; lastKnownFileType = wrapper.xcdatamodel; path = CoreDataContainer.xcdatamodel; sourceTree = "<group>"; };
		96194D5F2C529FE50083230D /* Multi-threadingSwiftUIView.swift */ = {isa = PBXFileReference; lastKnownFileType = sourcecode.swift; path = "Multi-threadingSwiftUIView.swift"; sourceTree = "<group>"; };
		96194D612C52A9640083230D /* WeakSelfSwiftUIView.swift */ = {isa = PBXFileReference; lastKnownFileType = sourcecode.swift; path = WeakSelfSwiftUIView.swift; sourceTree = "<group>"; };
		96194D632C52B0270083230D /* TypealiasSwiftUIView.swift */ = {isa = PBXFileReference; lastKnownFileType = sourcecode.swift; path = TypealiasSwiftUIView.swift; sourceTree = "<group>"; };
		96194D652C52B2290083230D /* EscapingClosuresSwiftUIView.swift */ = {isa = PBXFileReference; lastKnownFileType = sourcecode.swift; path = EscapingClosuresSwiftUIView.swift; sourceTree = "<group>"; };
		96194D672C52D63A0083230D /* CodableSwiftUIView.swift */ = {isa = PBXFileReference; lastKnownFileType = sourcecode.swift; path = CodableSwiftUIView.swift; sourceTree = "<group>"; };
		96194D692C52E39B0083230D /* DownloadWithEacapingSwiftUIView.swift */ = {isa = PBXFileReference; lastKnownFileType = sourcecode.swift; path = DownloadWithEacapingSwiftUIView.swift; sourceTree = "<group>"; };
		96194D6B2C52F2DB0083230D /* CombineSwiftUIView.swift */ = {isa = PBXFileReference; lastKnownFileType = sourcecode.swift; path = CombineSwiftUIView.swift; sourceTree = "<group>"; };
		96194D6D2C53D0960083230D /* TimeronReceiveSwiftUIView.swift */ = {isa = PBXFileReference; lastKnownFileType = sourcecode.swift; path = TimeronReceiveSwiftUIView.swift; sourceTree = "<group>"; };
		9649BEF72C6A470600999635 /* AccessibilityVoiceOverSwiftUIView.swift */ = {isa = PBXFileReference; lastKnownFileType = sourcecode.swift; path = AccessibilityVoiceOverSwiftUIView.swift; sourceTree = "<group>"; };
		966525CB2C57CB5C008EF85C /* SubscribersSwiftUIView.swift */ = {isa = PBXFileReference; lastKnownFileType = sourcecode.swift; path = SubscribersSwiftUIView.swift; sourceTree = "<group>"; };
		966525CD2C5842D2008EF85C /* FileManagerSwiftUIView.swift */ = {isa = PBXFileReference; lastKnownFileType = sourcecode.swift; path = FileManagerSwiftUIView.swift; sourceTree = "<group>"; };
		966525CF2C593FA4008EF85C /* CacheImagesSwiftUIView.swift */ = {isa = PBXFileReference; lastKnownFileType = sourcecode.swift; path = CacheImagesSwiftUIView.swift; sourceTree = "<group>"; };
		966525D62C5962BC008EF85C /* DowningImagesSwiftUIView.swift */ = {isa = PBXFileReference; lastKnownFileType = sourcecode.swift; path = DowningImagesSwiftUIView.swift; sourceTree = "<group>"; };
		966525D82C596364008EF85C /* PhotoModel.swift */ = {isa = PBXFileReference; lastKnownFileType = sourcecode.swift; path = PhotoModel.swift; sourceTree = "<group>"; };
		966525DA2C5963E0008EF85C /* DownloadingImagesViewModel.swift */ = {isa = PBXFileReference; lastKnownFileType = sourcecode.swift; path = DownloadingImagesViewModel.swift; sourceTree = "<group>"; };
		966525DC2C5965F2008EF85C /* PhotoModelDataService.swift */ = {isa = PBXFileReference; lastKnownFileType = sourcecode.swift; path = PhotoModelDataService.swift; sourceTree = "<group>"; };
		96D9CC612C59758B0074F5C1 /* DownloadingImagesRow.swift */ = {isa = PBXFileReference; lastKnownFileType = sourcecode.swift; path = DownloadingImagesRow.swift; sourceTree = "<group>"; };
		96D9CC632C59761E0074F5C1 /* DownloadingImageView.swift */ = {isa = PBXFileReference; lastKnownFileType = sourcecode.swift; path = DownloadingImageView.swift; sourceTree = "<group>"; };
		96D9CC652C5976AF0074F5C1 /* ImageLoadingViewModel.swift */ = {isa = PBXFileReference; lastKnownFileType = sourcecode.swift; path = ImageLoadingViewModel.swift; sourceTree = "<group>"; };
		96D9CC672C5977090074F5C1 /* PhotoModelCacheManager.swift */ = {isa = PBXFileReference; lastKnownFileType = sourcecode.swift; path = PhotoModelCacheManager.swift; sourceTree = "<group>"; };
		96D9CC692C59771E0074F5C1 /* PhotoModelFileManager.swift */ = {isa = PBXFileReference; lastKnownFileType = sourcecode.swift; path = PhotoModelFileManager.swift; sourceTree = "<group>"; };
		96D9CC6B2C5A6EF40074F5C1 /* DynamicText.swift */ = {isa = PBXFileReference; lastKnownFileType = sourcecode.swift; path = DynamicText.swift; sourceTree = "<group>"; };
		96D9CC6D2C5A8CD10074F5C1 /* DynamicColorsSwiftUIView.swift */ = {isa = PBXFileReference; lastKnownFileType = sourcecode.swift; path = DynamicColorsSwiftUIView.swift; sourceTree = "<group>"; };
		96D9CC6F2C5A9ACF0074F5C1 /* VoiceOverSwiftUIView.swift */ = {isa = PBXFileReference; lastKnownFileType = sourcecode.swift; path = VoiceOverSwiftUIView.swift; sourceTree = "<group>"; };
		96D9CC712C5AADE10074F5C1 /* PagingScrollViewSwiftUIView.swift */ = {isa = PBXFileReference; lastKnownFileType = sourcecode.swift; path = PagingScrollViewSwiftUIView.swift; sourceTree = "<group>"; };
/* End PBXFileReference section */

/* Begin PBXFrameworksBuildPhase section */
		96194D2B2C5006490083230D /* Frameworks */ = {
			isa = PBXFrameworksBuildPhase;
			buildActionMask = 2147483647;
			files = (
			);
			runOnlyForDeploymentPostprocessing = 0;
		};
/* End PBXFrameworksBuildPhase section */

/* Begin PBXGroup section */
		96194D252C5006490083230D = {
			isa = PBXGroup;
			children = (
				96194D302C5006490083230D /* SwiftUIAd */,
				96194D2F2C5006490083230D /* Products */,
			);
			sourceTree = "<group>";
		};
		96194D2F2C5006490083230D /* Products */ = {
			isa = PBXGroup;
			children = (
				96194D2E2C5006490083230D /* SwiftUIAd.app */,
			);
			name = Products;
			sourceTree = "<group>";
		};
		96194D302C5006490083230D /* SwiftUIAd */ = {
			isa = PBXGroup;
			children = (
				96194D312C5006490083230D /* SwiftUIAdApp.swift */,
				96194D332C5006490083230D /* ContentView.swift */,
				96194D412C5007B20083230D /* MagnificationGestureBoot.swift */,
				96194D432C503DFB0083230D /* GeometryReaderSwiftUIView.swift */,
				96194D452C5041260083230D /* MultipleSheetsSwiftUIView.swift */,
				96194D472C5046AD0083230D /* MaskSwiftUIView.swift */,
				96194D492C504C800083230D /* SoundEffectsSwiftUIView.swift */,
				96194D4B2C5058650083230D /* HapticsSwiftUIView.swift */,
				96194D4D2C5141720083230D /* LocalPushNotificationsSwiftUIView.swift */,
				96194D4F2C514F170083230D /* HashableProtocolSwiftUIView.swift */,
				96194D512C5156F20083230D /* ArraysSwiftUIView.swift */,
				96194D552C51869B0083230D /* CoreDataSwiftUIView.swift */,
				96194D5A2C52785E0083230D /* CoreDataRelationshipsSwiftUIView.swift */,
				96194D5F2C529FE50083230D /* Multi-threadingSwiftUIView.swift */,
				96194D612C52A9640083230D /* WeakSelfSwiftUIView.swift */,
				96194D632C52B0270083230D /* TypealiasSwiftUIView.swift */,
				96194D652C52B2290083230D /* EscapingClosuresSwiftUIView.swift */,
				96194D672C52D63A0083230D /* CodableSwiftUIView.swift */,
				96194D692C52E39B0083230D /* DownloadWithEacapingSwiftUIView.swift */,
				96194D6B2C52F2DB0083230D /* CombineSwiftUIView.swift */,
				96194D6D2C53D0960083230D /* TimeronReceiveSwiftUIView.swift */,
				966525CB2C57CB5C008EF85C /* SubscribersSwiftUIView.swift */,
				966525CD2C5842D2008EF85C /* FileManagerSwiftUIView.swift */,
				966525CF2C593FA4008EF85C /* CacheImagesSwiftUIView.swift */,
				96D9CC6B2C5A6EF40074F5C1 /* DynamicText.swift */,
				96D9CC6D2C5A8CD10074F5C1 /* DynamicColorsSwiftUIView.swift */,
				96D9CC6F2C5A9ACF0074F5C1 /* VoiceOverSwiftUIView.swift */,
				96D9CC712C5AADE10074F5C1 /* PagingScrollViewSwiftUIView.swift */,
				9649BEF72C6A470600999635 /* AccessibilityVoiceOverSwiftUIView.swift */,
				966525D12C59621A008EF85C /* DowningImages */,
				96194D5C2C527E3A0083230D /* CoreDataContainer.xcdatamodeld */,
				96194D572C51877B0083230D /* FruitsContainer.xcdatamodeld */,
				96194D352C50064B0083230D /* Assets.xcassets */,
				96194D372C50064B0083230D /* Preview Content */,
			);
			path = SwiftUIAd;
			sourceTree = "<group>";
		};
		96194D372C50064B0083230D /* Preview Content */ = {
			isa = PBXGroup;
			children = (
				96194D382C50064B0083230D /* Preview Assets.xcassets */,
			);
			path = "Preview Content";
			sourceTree = "<group>";
		};
		966525D12C59621A008EF85C /* DowningImages */ = {
			isa = PBXGroup;
			children = (
				966525D22C596227008EF85C /* Utilities */,
				966525D42C596280008EF85C /* Models */,
				966525D52C59629C008EF85C /* Views */,
				966525D32C59623D008EF85C /* ViewModels */,
			);
			path = DowningImages;
			sourceTree = "<group>";
		};
		966525D22C596227008EF85C /* Utilities */ = {
			isa = PBXGroup;
			children = (
				966525DC2C5965F2008EF85C /* PhotoModelDataService.swift */,
				96D9CC692C59771E0074F5C1 /* PhotoModelFileManager.swift */,
				96D9CC672C5977090074F5C1 /* PhotoModelCacheManager.swift */,
			);
			path = Utilities;
			sourceTree = "<group>";
		};
		966525D32C59623D008EF85C /* ViewModels */ = {
			isa = PBXGroup;
			children = (
				96D9CC652C5976AF0074F5C1 /* ImageLoadingViewModel.swift */,
				966525DA2C5963E0008EF85C /* DownloadingImagesViewModel.swift */,
			);
			path = ViewModels;
			sourceTree = "<group>";
		};
		966525D42C596280008EF85C /* Models */ = {
			isa = PBXGroup;
			children = (
				966525D82C596364008EF85C /* PhotoModel.swift */,
			);
			path = Models;
			sourceTree = "<group>";
		};
		966525D52C59629C008EF85C /* Views */ = {
			isa = PBXGroup;
			children = (
				966525D62C5962BC008EF85C /* DowningImagesSwiftUIView.swift */,
				96D9CC612C59758B0074F5C1 /* DownloadingImagesRow.swift */,
				96D9CC632C59761E0074F5C1 /* DownloadingImageView.swift */,
			);
			path = Views;
			sourceTree = "<group>";
		};
/* End PBXGroup section */

/* Begin PBXNativeTarget section */
		96194D2D2C5006490083230D /* SwiftUIAd */ = {
			isa = PBXNativeTarget;
			buildConfigurationList = 96194D3C2C50064B0083230D /* Build configuration list for PBXNativeTarget "SwiftUIAd" */;
			buildPhases = (
				96194D2A2C5006490083230D /* Sources */,
				96194D2B2C5006490083230D /* Frameworks */,
				96194D2C2C5006490083230D /* Resources */,
			);
			buildRules = (
			);
			dependencies = (
			);
			name = SwiftUIAd;
			productName = SwiftUIAd;
			productReference = 96194D2E2C5006490083230D /* SwiftUIAd.app */;
			productType = "com.apple.product-type.application";
		};
/* End PBXNativeTarget section */

/* Begin PBXProject section */
		96194D262C5006490083230D /* Project object */ = {
			isa = PBXProject;
			attributes = {
				BuildIndependentTargetsInParallel = 1;
				LastSwiftUpdateCheck = 1540;
				LastUpgradeCheck = 1540;
				TargetAttributes = {
					96194D2D2C5006490083230D = {
						CreatedOnToolsVersion = 15.4;
					};
				};
			};
			buildConfigurationList = 96194D292C5006490083230D /* Build configuration list for PBXProject "SwiftUIAd" */;
			compatibilityVersion = "Xcode 14.0";
			developmentRegion = en;
			hasScannedForEncodings = 0;
			knownRegions = (
				en,
				Base,
			);
			mainGroup = 96194D252C5006490083230D;
			productRefGroup = 96194D2F2C5006490083230D /* Products */;
			projectDirPath = "";
			projectRoot = "";
			targets = (
				96194D2D2C5006490083230D /* SwiftUIAd */,
			);
		};
/* End PBXProject section */

/* Begin PBXResourcesBuildPhase section */
		96194D2C2C5006490083230D /* Resources */ = {
			isa = PBXResourcesBuildPhase;
			buildActionMask = 2147483647;
			files = (
				96194D392C50064B0083230D /* Preview Assets.xcassets in Resources */,
				96194D362C50064B0083230D /* Assets.xcassets in Resources */,
			);
			runOnlyForDeploymentPostprocessing = 0;
		};
/* End PBXResourcesBuildPhase section */

/* Begin PBXSourcesBuildPhase section */
		96194D2A2C5006490083230D /* Sources */ = {
			isa = PBXSourcesBuildPhase;
			buildActionMask = 2147483647;
			files = (
				966525DB2C5963E0008EF85C /* DownloadingImagesViewModel.swift in Sources */,
				96194D6C2C52F2DB0083230D /* CombineSwiftUIView.swift in Sources */,
				96194D342C5006490083230D /* ContentView.swift in Sources */,
				96194D562C51869B0083230D /* CoreDataSwiftUIView.swift in Sources */,
				96194D322C5006490083230D /* SwiftUIAdApp.swift in Sources */,
				96194D5E2C527E3A0083230D /* CoreDataContainer.xcdatamodeld in Sources */,
				96194D6E2C53D0960083230D /* TimeronReceiveSwiftUIView.swift in Sources */,
				96194D522C5156F20083230D /* ArraysSwiftUIView.swift in Sources */,
				96D9CC6E2C5A8CD10074F5C1 /* DynamicColorsSwiftUIView.swift in Sources */,
				96194D422C5007B20083230D /* MagnificationGestureBoot.swift in Sources */,
				9649BEF82C6A470600999635 /* AccessibilityVoiceOverSwiftUIView.swift in Sources */,
				96D9CC642C59761E0074F5C1 /* DownloadingImageView.swift in Sources */,
				96194D622C52A9640083230D /* WeakSelfSwiftUIView.swift in Sources */,
				96194D4A2C504C800083230D /* SoundEffectsSwiftUIView.swift in Sources */,
				966525CE2C5842D2008EF85C /* FileManagerSwiftUIView.swift in Sources */,
				96D9CC682C5977090074F5C1 /* PhotoModelCacheManager.swift in Sources */,
				96D9CC6C2C5A6EF40074F5C1 /* DynamicText.swift in Sources */,
				96194D592C51877B0083230D /* FruitsContainer.xcdatamodeld in Sources */,
				96194D462C5041260083230D /* MultipleSheetsSwiftUIView.swift in Sources */,
				966525D02C593FA4008EF85C /* CacheImagesSwiftUIView.swift in Sources */,
				96D9CC702C5A9ACF0074F5C1 /* VoiceOverSwiftUIView.swift in Sources */,
				96194D6A2C52E39B0083230D /* DownloadWithEacapingSwiftUIView.swift in Sources */,
				96194D4C2C5058650083230D /* HapticsSwiftUIView.swift in Sources */,
				96194D682C52D63A0083230D /* CodableSwiftUIView.swift in Sources */,
				96194D482C5046AD0083230D /* MaskSwiftUIView.swift in Sources */,
				966525D92C596364008EF85C /* PhotoModel.swift in Sources */,
				96194D662C52B2290083230D /* EscapingClosuresSwiftUIView.swift in Sources */,
				96194D442C503DFB0083230D /* GeometryReaderSwiftUIView.swift in Sources */,
				96194D502C514F170083230D /* HashableProtocolSwiftUIView.swift in Sources */,
				96194D4E2C5141720083230D /* LocalPushNotificationsSwiftUIView.swift in Sources */,
				96D9CC622C59758B0074F5C1 /* DownloadingImagesRow.swift in Sources */,
				966525CC2C57CB5D008EF85C /* SubscribersSwiftUIView.swift in Sources */,
				96D9CC662C5976AF0074F5C1 /* ImageLoadingViewModel.swift in Sources */,
				96D9CC722C5AADE10074F5C1 /* PagingScrollViewSwiftUIView.swift in Sources */,
				96194D602C529FE50083230D /* Multi-threadingSwiftUIView.swift in Sources */,
				966525DD2C5965F2008EF85C /* PhotoModelDataService.swift in Sources */,
				96194D5B2C52785E0083230D /* CoreDataRelationshipsSwiftUIView.swift in Sources */,
				966525D72C5962BC008EF85C /* DowningImagesSwiftUIView.swift in Sources */,
				96194D642C52B0270083230D /* TypealiasSwiftUIView.swift in Sources */,
				96D9CC6A2C59771E0074F5C1 /* PhotoModelFileManager.swift in Sources */,
			);
			runOnlyForDeploymentPostprocessing = 0;
		};
/* End PBXSourcesBuildPhase section */

/* Begin XCBuildConfiguration section */
		96194D3A2C50064B0083230D /* Debug */ = {
			isa = XCBuildConfiguration;
			buildSettings = {
				ALWAYS_SEARCH_USER_PATHS = NO;
				ASSETCATALOG_COMPILER_GENERATE_SWIFT_ASSET_SYMBOL_EXTENSIONS = YES;
				CLANG_ANALYZER_NONNULL = YES;
				CLANG_ANALYZER_NUMBER_OBJECT_CONVERSION = YES_AGGRESSIVE;
				CLANG_CXX_LANGUAGE_STANDARD = "gnu++20";
				CLANG_ENABLE_MODULES = YES;
				CLANG_ENABLE_OBJC_ARC = YES;
				CLANG_ENABLE_OBJC_WEAK = YES;
				CLANG_WARN_BLOCK_CAPTURE_AUTORELEASING = YES;
				CLANG_WARN_BOOL_CONVERSION = YES;
				CLANG_WARN_COMMA = YES;
				CLANG_WARN_CONSTANT_CONVERSION = YES;
				CLANG_WARN_DEPRECATED_OBJC_IMPLEMENTATIONS = YES;
				CLANG_WARN_DIRECT_OBJC_ISA_USAGE = YES_ERROR;
				CLANG_WARN_DOCUMENTATION_COMMENTS = YES;
				CLANG_WARN_EMPTY_BODY = YES;
				CLANG_WARN_ENUM_CONVERSION = YES;
				CLANG_WARN_INFINITE_RECURSION = YES;
				CLANG_WARN_INT_CONVERSION = YES;
				CLANG_WARN_NON_LITERAL_NULL_CONVERSION = YES;
				CLANG_WARN_OBJC_IMPLICIT_RETAIN_SELF = YES;
				CLANG_WARN_OBJC_LITERAL_CONVERSION = YES;
				CLANG_WARN_OBJC_ROOT_CLASS = YES_ERROR;
				CLANG_WARN_QUOTED_INCLUDE_IN_FRAMEWORK_HEADER = YES;
				CLANG_WARN_RANGE_LOOP_ANALYSIS = YES;
				CLANG_WARN_STRICT_PROTOTYPES = YES;
				CLANG_WARN_SUSPICIOUS_MOVE = YES;
				CLANG_WARN_UNGUARDED_AVAILABILITY = YES_AGGRESSIVE;
				CLANG_WARN_UNREACHABLE_CODE = YES;
				CLANG_WARN__DUPLICATE_METHOD_MATCH = YES;
				COPY_PHASE_STRIP = NO;
				DEBUG_INFORMATION_FORMAT = dwarf;
				ENABLE_STRICT_OBJC_MSGSEND = YES;
				ENABLE_TESTABILITY = YES;
				ENABLE_USER_SCRIPT_SANDBOXING = YES;
				GCC_C_LANGUAGE_STANDARD = gnu17;
				GCC_DYNAMIC_NO_PIC = NO;
				GCC_NO_COMMON_BLOCKS = YES;
				GCC_OPTIMIZATION_LEVEL = 0;
				GCC_PREPROCESSOR_DEFINITIONS = (
					"DEBUG=1",
					"$(inherited)",
				);
				GCC_WARN_64_TO_32_BIT_CONVERSION = YES;
				GCC_WARN_ABOUT_RETURN_TYPE = YES_ERROR;
				GCC_WARN_UNDECLARED_SELECTOR = YES;
				GCC_WARN_UNINITIALIZED_AUTOS = YES_AGGRESSIVE;
				GCC_WARN_UNUSED_FUNCTION = YES;
				GCC_WARN_UNUSED_VARIABLE = YES;
				IPHONEOS_DEPLOYMENT_TARGET = 17.5;
				LOCALIZATION_PREFERS_STRING_CATALOGS = YES;
				MTL_ENABLE_DEBUG_INFO = INCLUDE_SOURCE;
				MTL_FAST_MATH = YES;
				ONLY_ACTIVE_ARCH = YES;
				SDKROOT = iphoneos;
				SWIFT_ACTIVE_COMPILATION_CONDITIONS = "DEBUG $(inherited)";
				SWIFT_OPTIMIZATION_LEVEL = "-Onone";
			};
			name = Debug;
		};
		96194D3B2C50064B0083230D /* Release */ = {
			isa = XCBuildConfiguration;
			buildSettings = {
				ALWAYS_SEARCH_USER_PATHS = NO;
				ASSETCATALOG_COMPILER_GENERATE_SWIFT_ASSET_SYMBOL_EXTENSIONS = YES;
				CLANG_ANALYZER_NONNULL = YES;
				CLANG_ANALYZER_NUMBER_OBJECT_CONVERSION = YES_AGGRESSIVE;
				CLANG_CXX_LANGUAGE_STANDARD = "gnu++20";
				CLANG_ENABLE_MODULES = YES;
				CLANG_ENABLE_OBJC_ARC = YES;
				CLANG_ENABLE_OBJC_WEAK = YES;
				CLANG_WARN_BLOCK_CAPTURE_AUTORELEASING = YES;
				CLANG_WARN_BOOL_CONVERSION = YES;
				CLANG_WARN_COMMA = YES;
				CLANG_WARN_CONSTANT_CONVERSION = YES;
				CLANG_WARN_DEPRECATED_OBJC_IMPLEMENTATIONS = YES;
				CLANG_WARN_DIRECT_OBJC_ISA_USAGE = YES_ERROR;
				CLANG_WARN_DOCUMENTATION_COMMENTS = YES;
				CLANG_WARN_EMPTY_BODY = YES;
				CLANG_WARN_ENUM_CONVERSION = YES;
				CLANG_WARN_INFINITE_RECURSION = YES;
				CLANG_WARN_INT_CONVERSION = YES;
				CLANG_WARN_NON_LITERAL_NULL_CONVERSION = YES;
				CLANG_WARN_OBJC_IMPLICIT_RETAIN_SELF = YES;
				CLANG_WARN_OBJC_LITERAL_CONVERSION = YES;
				CLANG_WARN_OBJC_ROOT_CLASS = YES_ERROR;
				CLANG_WARN_QUOTED_INCLUDE_IN_FRAMEWORK_HEADER = YES;
				CLANG_WARN_RANGE_LOOP_ANALYSIS = YES;
				CLANG_WARN_STRICT_PROTOTYPES = YES;
				CLANG_WARN_SUSPICIOUS_MOVE = YES;
				CLANG_WARN_UNGUARDED_AVAILABILITY = YES_AGGRESSIVE;
				CLANG_WARN_UNREACHABLE_CODE = YES;
				CLANG_WARN__DUPLICATE_METHOD_MATCH = YES;
				COPY_PHASE_STRIP = NO;
				DEBUG_INFORMATION_FORMAT = "dwarf-with-dsym";
				ENABLE_NS_ASSERTIONS = NO;
				ENABLE_STRICT_OBJC_MSGSEND = YES;
				ENABLE_USER_SCRIPT_SANDBOXING = YES;
				GCC_C_LANGUAGE_STANDARD = gnu17;
				GCC_NO_COMMON_BLOCKS = YES;
				GCC_WARN_64_TO_32_BIT_CONVERSION = YES;
				GCC_WARN_ABOUT_RETURN_TYPE = YES_ERROR;
				GCC_WARN_UNDECLARED_SELECTOR = YES;
				GCC_WARN_UNINITIALIZED_AUTOS = YES_AGGRESSIVE;
				GCC_WARN_UNUSED_FUNCTION = YES;
				GCC_WARN_UNUSED_VARIABLE = YES;
				IPHONEOS_DEPLOYMENT_TARGET = 17.5;
				LOCALIZATION_PREFERS_STRING_CATALOGS = YES;
				MTL_ENABLE_DEBUG_INFO = NO;
				MTL_FAST_MATH = YES;
				SDKROOT = iphoneos;
				SWIFT_COMPILATION_MODE = wholemodule;
				VALIDATE_PRODUCT = YES;
			};
			name = Release;
		};
		96194D3D2C50064B0083230D /* Debug */ = {
			isa = XCBuildConfiguration;
			buildSettings = {
				ASSETCATALOG_COMPILER_APPICON_NAME = AppIcon;
				ASSETCATALOG_COMPILER_GLOBAL_ACCENT_COLOR_NAME = AccentColor;
				CODE_SIGN_STYLE = Automatic;
				CURRENT_PROJECT_VERSION = 1;
				DEVELOPMENT_ASSET_PATHS = "\"SwiftUIAd/Preview Content\"";
				DEVELOPMENT_TEAM = UH8RU635H6;
				ENABLE_PREVIEWS = YES;
				GENERATE_INFOPLIST_FILE = YES;
				INFOPLIST_KEY_UIApplicationSceneManifest_Generation = YES;
				INFOPLIST_KEY_UIApplicationSupportsIndirectInputEvents = YES;
				INFOPLIST_KEY_UILaunchScreen_Generation = YES;
				INFOPLIST_KEY_UISupportedInterfaceOrientations_iPad = "UIInterfaceOrientationPortrait UIInterfaceOrientationPortraitUpsideDown UIInterfaceOrientationLandscapeLeft UIInterfaceOrientationLandscapeRight";
				INFOPLIST_KEY_UISupportedInterfaceOrientations_iPhone = "UIInterfaceOrientationPortrait UIInterfaceOrientationLandscapeLeft UIInterfaceOrientationLandscapeRight";
				IPHONEOS_DEPLOYMENT_TARGET = 17.0;
				LD_RUNPATH_SEARCH_PATHS = (
					"$(inherited)",
					"@executable_path/Frameworks",
				);
				MARKETING_VERSION = 1.0;
				PRODUCT_BUNDLE_IDENTIFIER = com.yunni.SwiftUIAd;
				PRODUCT_NAME = "$(TARGET_NAME)";
				SWIFT_EMIT_LOC_STRINGS = YES;
				SWIFT_VERSION = 5.0;
				TARGETED_DEVICE_FAMILY = "1,2";
			};
			name = Debug;
		};
		96194D3E2C50064B0083230D /* Release */ = {
			isa = XCBuildConfiguration;
			buildSettings = {
				ASSETCATALOG_COMPILER_APPICON_NAME = AppIcon;
				ASSETCATALOG_COMPILER_GLOBAL_ACCENT_COLOR_NAME = AccentColor;
				CODE_SIGN_STYLE = Automatic;
				CURRENT_PROJECT_VERSION = 1;
				DEVELOPMENT_ASSET_PATHS = "\"SwiftUIAd/Preview Content\"";
				DEVELOPMENT_TEAM = UH8RU635H6;
				ENABLE_PREVIEWS = YES;
				GENERATE_INFOPLIST_FILE = YES;
				INFOPLIST_KEY_UIApplicationSceneManifest_Generation = YES;
				INFOPLIST_KEY_UIApplicationSupportsIndirectInputEvents = YES;
				INFOPLIST_KEY_UILaunchScreen_Generation = YES;
				INFOPLIST_KEY_UISupportedInterfaceOrientations_iPad = "UIInterfaceOrientationPortrait UIInterfaceOrientationPortraitUpsideDown UIInterfaceOrientationLandscapeLeft UIInterfaceOrientationLandscapeRight";
				INFOPLIST_KEY_UISupportedInterfaceOrientations_iPhone = "UIInterfaceOrientationPortrait UIInterfaceOrientationLandscapeLeft UIInterfaceOrientationLandscapeRight";
				IPHONEOS_DEPLOYMENT_TARGET = 17.0;
				LD_RUNPATH_SEARCH_PATHS = (
					"$(inherited)",
					"@executable_path/Frameworks",
				);
				MARKETING_VERSION = 1.0;
				PRODUCT_BUNDLE_IDENTIFIER = com.yunni.SwiftUIAd;
				PRODUCT_NAME = "$(TARGET_NAME)";
				SWIFT_EMIT_LOC_STRINGS = YES;
				SWIFT_VERSION = 5.0;
				TARGETED_DEVICE_FAMILY = "1,2";
			};
			name = Release;
		};
/* End XCBuildConfiguration section */

/* Begin XCConfigurationList section */
		96194D292C5006490083230D /* Build configuration list for PBXProject "SwiftUIAd" */ = {
			isa = XCConfigurationList;
			buildConfigurations = (
				96194D3A2C50064B0083230D /* Debug */,
				96194D3B2C50064B0083230D /* Release */,
			);
			defaultConfigurationIsVisible = 0;
			defaultConfigurationName = Release;
		};
		96194D3C2C50064B0083230D /* Build configuration list for PBXNativeTarget "SwiftUIAd" */ = {
			isa = XCConfigurationList;
			buildConfigurations = (
				96194D3D2C50064B0083230D /* Debug */,
				96194D3E2C50064B0083230D /* Release */,
			);
			defaultConfigurationIsVisible = 0;
			defaultConfigurationName = Release;
		};
/* End XCConfigurationList section */

/* Begin XCVersionGroup section */
		96194D572C51877B0083230D /* FruitsContainer.xcdatamodeld */ = {
			isa = XCVersionGroup;
			children = (
				96194D582C51877B0083230D /* FruitsContainer.xcdatamodel */,
			);
			currentVersion = 96194D582C51877B0083230D /* FruitsContainer.xcdatamodel */;
			name = FruitsContainer.xcdatamodeld;
			path = /Users/yu6116047/Desktop/iOS/SwiftUIAd/SwiftUIAd/FruitsContainer.xcdatamodeld;
			sourceTree = "<group>";
			versionGroupType = wrapper.xcdatamodel;
		};
		96194D5C2C527E3A0083230D /* CoreDataContainer.xcdatamodeld */ = {
			isa = XCVersionGroup;
			children = (
				96194D5D2C527E3A0083230D /* CoreDataContainer.xcdatamodel */,
			);
			currentVersion = 96194D5D2C527E3A0083230D /* CoreDataContainer.xcdatamodel */;
			name = CoreDataContainer.xcdatamodeld;
			path = /Users/yu6116047/Desktop/iOS/SwiftUIAd/SwiftUIAd/CoreDataContainer.xcdatamodeld;
			sourceTree = "<group>";
			versionGroupType = wrapper.xcdatamodel;
		};
/* End XCVersionGroup section */
	};
	rootObject = 96194D262C5006490083230D /* Project object */;
}
